
Microsoft Visual Studio Solution File, Format Version 12.00
# Visual Studio 15
VisualStudioVersion = 15.0.28010.2041
MinimumVisualStudioVersion = 10.0.40219.1
Project("{FAE04EC0-301F-11D3-BF4B-00C04F79EFBC}") = "PimApp", "PimApp\PimApp.csproj", "{90C369AE-700A-433C-A27B-11B4670FF723}"
EndProject
Global
	GlobalSection(SolutionConfigurationPlatforms) = preSolution
		Debug|Any CPU = Debug|Any CPU
		Release|Any CPU = Release|Any CPU
	EndGlobalSection
	GlobalSection(ProjectConfigurationPlatforms) = postSolution
		{90C369AE-700A-433C-A27B-11B4670FF723}.Debug|Any CPU.ActiveCfg = Debug|Any CPU
		{90C369AE-700A-433C-A27B-11B4670FF723}.Debug|Any CPU.Build.0 = Debug|Any CPU
		{90C369AE-700A-433C-A27B-11B4670FF723}.Release|Any CPU.ActiveCfg = Release|Any CPU
		{90C369AE-700A-433C-A27B-11B4670FF723}.Release|Any CPU.Build.0 = Release|Any CPU
	EndGlobalSection
	GlobalSection(SolutionProperties) = preSolution
		HideSolutionNode = FALSE
	EndGlobalSection
	GlobalSection(ExtensibilityGlobals) = postSolution
		SolutionGuid = {1EE587A6-2321-4BE3-9355-08280FFC03A9}
	EndGlobalSection
EndGlobal
